
Microsoft Visual Studio Solution File, Format Version 12.00
# Visual Studio Version 17
VisualStudioVersion = 17.0.31903.59
MinimumVisualStudioVersion = 10.0.40219.1
Project("{FAE04EC0-301F-11D3-BF4B-00C04F79EFBC}") = "EmployeeManagment.Web", "EmployeeManagment.Web\EmployeeManagment.Web.csproj", "{16B01E89-46DD-4A01-BDA8-D97B371AEB64}"
EndProject
Global
	GlobalSection(SolutionConfigurationPlatforms) = preSolution
		Debug|Any CPU = Debug|Any CPU
		Release|Any CPU = Release|Any CPU
	EndGlobalSection
	GlobalSection(ProjectConfigurationPlatforms) = postSolution
		{16B01E89-46DD-4A01-BDA8-D97B371AEB64}.Debug|Any CPU.ActiveCfg = Debug|Any CPU
		{16B01E89-46DD-4A01-BDA8-D97B371AEB64}.Debug|Any CPU.Build.0 = Debug|Any CPU
		{16B01E89-46DD-4A01-BDA8-D97B371AEB64}.Release|Any CPU.ActiveCfg = Release|Any CPU
		{16B01E89-46DD-4A01-BDA8-D97B371AEB64}.Release|Any CPU.Build.0 = Release|Any CPU
	EndGlobalSection
	GlobalSection(SolutionProperties) = preSolution
		HideSolutionNode = FALSE
	EndGlobalSection
	GlobalSection(ExtensibilityGlobals) = postSolution
		SolutionGuid = {D9A0DA91-3122-4DCA-B4E2-90AE25923C60}
	EndGlobalSection
EndGlobal
