
Microsoft Visual Studio Solution File, Format Version 12.00
# Visual Studio Version 17
VisualStudioVersion = 17.0.31903.59
MinimumVisualStudioVersion = 10.0.40219.1
Project("{FAE04EC0-301F-11D3-BF4B-00C04F79EFBC}") = "EmployeeManagment.Models", "EmployeeManagment.Models\EmployeeManagment.Models.csproj", "{BD304C18-A55D-4E3A-86A9-487614EE1285}"
EndProject
Project("{FAE04EC0-301F-11D3-BF4B-00C04F79EFBC}") = "EmployeeManagment.Web", "..\EmployeeManagment.Web\EmployeeManagment.Web.csproj", "{27FB56C2-C9B2-4595-A11F-6BC9107EE500}"
EndProject
Global
	GlobalSection(SolutionConfigurationPlatforms) = preSolution
		Debug|Any CPU = Debug|Any CPU
		Release|Any CPU = Release|Any CPU
	EndGlobalSection
	GlobalSection(ProjectConfigurationPlatforms) = postSolution
		{BD304C18-A55D-4E3A-86A9-487614EE1285}.Debug|Any CPU.ActiveCfg = Debug|Any CPU
		{BD304C18-A55D-4E3A-86A9-487614EE1285}.Debug|Any CPU.Build.0 = Debug|Any CPU
		{BD304C18-A55D-4E3A-86A9-487614EE1285}.Release|Any CPU.ActiveCfg = Release|Any CPU
		{BD304C18-A55D-4E3A-86A9-487614EE1285}.Release|Any CPU.Build.0 = Release|Any CPU
		{27FB56C2-C9B2-4595-A11F-6BC9107EE500}.Debug|Any CPU.ActiveCfg = Debug|Any CPU
		{27FB56C2-C9B2-4595-A11F-6BC9107EE500}.Debug|Any CPU.Build.0 = Debug|Any CPU
		{27FB56C2-C9B2-4595-A11F-6BC9107EE500}.Release|Any CPU.ActiveCfg = Release|Any CPU
		{27FB56C2-C9B2-4595-A11F-6BC9107EE500}.Release|Any CPU.Build.0 = Release|Any CPU
	EndGlobalSection
	GlobalSection(SolutionProperties) = preSolution
		HideSolutionNode = FALSE
	EndGlobalSection
	GlobalSection(ExtensibilityGlobals) = postSolution
		SolutionGuid = {B539A1BC-1FC5-4BD8-8EF6-FA92A3267588}
	EndGlobalSection
EndGlobal
